
Microsoft Visual Studio Solution File, Format Version 12.00
# Visual Studio Version 17
VisualStudioVersion = 17.11.35327.3
MinimumVisualStudioVersion = 10.0.40219.1
Project("{8BC9CEB8-8B4A-11D0-8D11-00A0C91BC942}") = "SimilarityChecker", "SimilarityChecker\SimilarityChecker.vcxproj", "{25063754-6F2F-40D8-A8E3-FEFA51C54700}"
EndProject
Project("{2150E333-8FDC-42A3-9474-1A3956D46DE8}") = "솔루션 항목", "솔루션 항목", "{87CB13B0-62FA-4D44-8893-EEB36832F150}"
	ProjectSection(SolutionItems) = preProject
		.gitignore = .gitignore
		README.md = README.md
	EndProjectSection
EndProject
Global
	GlobalSection(SolutionConfigurationPlatforms) = preSolution
		Debug|x64 = Debug|x64
		Debug|x86 = Debug|x86
		Release|x64 = Release|x64
		Release|x86 = Release|x86
	EndGlobalSection
	GlobalSection(ProjectConfigurationPlatforms) = postSolution
		{25063754-6F2F-40D8-A8E3-FEFA51C54700}.Debug|x64.ActiveCfg = Debug|x64
		{25063754-6F2F-40D8-A8E3-FEFA51C54700}.Debug|x64.Build.0 = Debug|x64
		{25063754-6F2F-40D8-A8E3-FEFA51C54700}.Debug|x86.ActiveCfg = Debug|Win32
		{25063754-6F2F-40D8-A8E3-FEFA51C54700}.Debug|x86.Build.0 = Debug|Win32
		{25063754-6F2F-40D8-A8E3-FEFA51C54700}.Release|x64.ActiveCfg = Release|x64
		{25063754-6F2F-40D8-A8E3-FEFA51C54700}.Release|x64.Build.0 = Release|x64
		{25063754-6F2F-40D8-A8E3-FEFA51C54700}.Release|x86.ActiveCfg = Release|Win32
		{25063754-6F2F-40D8-A8E3-FEFA51C54700}.Release|x86.Build.0 = Release|Win32
	EndGlobalSection
	GlobalSection(SolutionProperties) = preSolution
		HideSolutionNode = FALSE
	EndGlobalSection
	GlobalSection(ExtensibilityGlobals) = postSolution
		SolutionGuid = {78620E57-55DB-43AA-9971-A1D3CEB59EEC}
	EndGlobalSection
EndGlobal
